
Microsoft Visual Studio Solution File, Format Version 12.00
# Visual Studio 15
VisualStudioVersion = 15.0.27004.2002
MinimumVisualStudioVersion = 10.0.40219.1
Project("{FAE04EC0-301F-11D3-BF4B-00C04F79EFBC}") = "02 - Suurem-väiksem-võrdeline", "02 - Suurem-väiksem-võrdeline\02 - Suurem-väiksem-võrdeline.csproj", "{83F25A31-FE3B-4EA2-8DC9-73ED89F82786}"
EndProject
Project("{FAE04EC0-301F-11D3-BF4B-00C04F79EFBC}") = "03 - Valib-Numbri-Automaatselt", "03 - Valib-Numbri-Automaatselt\03 - Valib-Numbri-Automaatselt.csproj", "{137108CA-A40D-4691-9A50-552A8AE67FAE}"
EndProject
Project("{FAE04EC0-301F-11D3-BF4B-00C04F79EFBC}") = "04 - Uus-võimalus-pakkumiseks", "04 - Uus-võimalus-pakkumiseks\04 - Uus-võimalus-pakkumiseks.csproj", "{63940EA2-D35B-4DC3-9B85-E08807DB8446}"
EndProject
Project("{FAE04EC0-301F-11D3-BF4B-00C04F79EFBC}") = "05 - Keyword-break", "05 - Keyword-break\05 - Keyword-break.csproj", "{9D82C7D6-FEDF-4797-A737-A2CE40595947}"
EndProject
Global
	GlobalSection(SolutionConfigurationPlatforms) = preSolution
		Debug|Any CPU = Debug|Any CPU
		Release|Any CPU = Release|Any CPU
	EndGlobalSection
	GlobalSection(ProjectConfigurationPlatforms) = postSolution
		{83F25A31-FE3B-4EA2-8DC9-73ED89F82786}.Debug|Any CPU.ActiveCfg = Debug|Any CPU
		{83F25A31-FE3B-4EA2-8DC9-73ED89F82786}.Debug|Any CPU.Build.0 = Debug|Any CPU
		{83F25A31-FE3B-4EA2-8DC9-73ED89F82786}.Release|Any CPU.ActiveCfg = Release|Any CPU
		{83F25A31-FE3B-4EA2-8DC9-73ED89F82786}.Release|Any CPU.Build.0 = Release|Any CPU
		{137108CA-A40D-4691-9A50-552A8AE67FAE}.Debug|Any CPU.ActiveCfg = Debug|Any CPU
		{137108CA-A40D-4691-9A50-552A8AE67FAE}.Debug|Any CPU.Build.0 = Debug|Any CPU
		{137108CA-A40D-4691-9A50-552A8AE67FAE}.Release|Any CPU.ActiveCfg = Release|Any CPU
		{137108CA-A40D-4691-9A50-552A8AE67FAE}.Release|Any CPU.Build.0 = Release|Any CPU
		{63940EA2-D35B-4DC3-9B85-E08807DB8446}.Debug|Any CPU.ActiveCfg = Debug|Any CPU
		{63940EA2-D35B-4DC3-9B85-E08807DB8446}.Debug|Any CPU.Build.0 = Debug|Any CPU
		{63940EA2-D35B-4DC3-9B85-E08807DB8446}.Release|Any CPU.ActiveCfg = Release|Any CPU
		{63940EA2-D35B-4DC3-9B85-E08807DB8446}.Release|Any CPU.Build.0 = Release|Any CPU
		{9D82C7D6-FEDF-4797-A737-A2CE40595947}.Debug|Any CPU.ActiveCfg = Debug|Any CPU
		{9D82C7D6-FEDF-4797-A737-A2CE40595947}.Debug|Any CPU.Build.0 = Debug|Any CPU
		{9D82C7D6-FEDF-4797-A737-A2CE40595947}.Release|Any CPU.ActiveCfg = Release|Any CPU
		{9D82C7D6-FEDF-4797-A737-A2CE40595947}.Release|Any CPU.Build.0 = Release|Any CPU
	EndGlobalSection
	GlobalSection(SolutionProperties) = preSolution
		HideSolutionNode = FALSE
	EndGlobalSection
	GlobalSection(ExtensibilityGlobals) = postSolution
		SolutionGuid = {66C54808-EAB4-47D0-8287-5A69CB1EDF18}
	EndGlobalSection
EndGlobal
